{
  "name": "dadiaxcx",
  "version": "1.0.0",
  "lockfileVersion": 1,
  "requires": true,
  "dependencies": {
    "uview-ui": {
      "version": "1.8.7",
      "resolved": "https://registry.npmjs.org/uview-ui/-/uview-ui-1.8.7.tgz",
      "integrity": "sha512-5oOGf6NHiSTCj6/dklKjm8LCSJ7kov3azWEcloEYTTf2Mv+cbov/aARc/8QR0ce6y1hqEtwK/YkBkP+OVKuaWw=="
    }
  }
}
